{
  "version": 4,
  "terraform_version": "1.3.6",
  "serial": 25,
  "lineage": "b110fac4-f6f4-ef16-a7ad-1f1be2c75567",
  "outputs": {},
  "resources": [
    {
      "mode": "managed",
      "type": "azurerm_network_interface",
      "name": "example",
      "provider": "provider[\"registry.terraform.io/hashicorp/azurerm\"]",
      "instances": [
        {
          "schema_version": 0,
          "attributes": {
            "applied_dns_servers": [],
            "dns_servers": [],
            "edge_zone": "",
            "enable_accelerated_networking": false,
            "enable_ip_forwarding": false,
            "id": "/subscriptions/acc929be-a19d-4719-9285-cbbad6c57226/resourceGroups/assgnmnt6/providers/Microsoft.Network/networkInterfaces/example-nic",
            "internal_dns_name_label": "",
            "internal_domain_name_suffix": "1zaeg5jmu3ju1pg4poyt5s0saf.ax.internal.cloudapp.net",
            "ip_configuration": [
              {
                "gateway_load_balancer_frontend_ip_configuration_id": "",
                "name": "internal",
                "primary": true,
                "private_ip_address": "10.0.2.4",
                "private_ip_address_allocation": "Dynamic",
                "private_ip_address_version": "IPv4",
                "public_ip_address_id": "",
                "subnet_id": "/subscriptions/acc929be-a19d-4719-9285-cbbad6c57226/resourceGroups/assgnmnt6/providers/Microsoft.Network/virtualNetworks/example-network/subnets/internal"
              }
            ],
            "location": "westeurope",
            "mac_address": "",
            "name": "example-nic",
            "private_ip_address": "10.0.2.4",
            "private_ip_addresses": [
              "10.0.2.4"
            ],
            "resource_group_name": "assgnmnt6",
            "tags": null,
            "timeouts": null,
            "virtual_machine_id": ""
          },
          "sensitive_attributes": [],
          "private": "eyJlMmJmYjczMC1lY2FhLTExZTYtOGY4OC0zNDM2M2JjN2M0YzAiOnsiY3JlYXRlIjoxODAwMDAwMDAwMDAwLCJkZWxldGUiOjE4MDAwMDAwMDAwMDAsInJlYWQiOjMwMDAwMDAwMDAwMCwidXBkYXRlIjoxODAwMDAwMDAwMDAwfX0=",
          "dependencies": [
            "azurerm_resource_group.example",
            "azurerm_subnet.example",
            "azurerm_virtual_network.example"
          ]
        }
      ]
    },
    {
      "mode": "managed",
      "type": "azurerm_resource_group",
      "name": "assgnmnt6",
      "provider": "provider[\"registry.terraform.io/hashicorp/azurerm\"]",
      "instances": [
        {
          "schema_version": 0,
          "attributes": {
            "id": "/subscriptions/acc929be-a19d-4719-9285-cbbad6c57226/resourceGroups/assgnmnt6",
            "location": "westeurope",
            "name": "assgnmnt6",
            "tags": null,
            "timeouts": null
          },
          "sensitive_attributes": [],
          "private": "eyJlMmJmYjczMC1lY2FhLTExZTYtOGY4OC0zNDM2M2JjN2M0YzAiOnsiY3JlYXRlIjo1NDAwMDAwMDAwMDAwLCJkZWxldGUiOjU0MDAwMDAwMDAwMDAsInJlYWQiOjMwMDAwMDAwMDAwMCwidXBkYXRlIjo1NDAwMDAwMDAwMDAwfX0="
        }
      ]
    },
    {
      "mode": "managed",
      "type": "azurerm_resource_group",
      "name": "example",
      "provider": "provider[\"registry.terraform.io/hashicorp/azurerm\"]",
      "instances": [
        {
          "schema_version": 0,
          "attributes": {
            "id": "/subscriptions/acc929be-a19d-4719-9285-cbbad6c57226/resourceGroups/assgnmnt6",
            "location": "westeurope",
            "name": "assgnmnt6",
            "tags": null,
            "timeouts": null
          },
          "sensitive_attributes": [],
          "private": "eyJlMmJmYjczMC1lY2FhLTExZTYtOGY4OC0zNDM2M2JjN2M0YzAiOnsiY3JlYXRlIjo1NDAwMDAwMDAwMDAwLCJkZWxldGUiOjU0MDAwMDAwMDAwMDAsInJlYWQiOjMwMDAwMDAwMDAwMCwidXBkYXRlIjo1NDAwMDAwMDAwMDAwfX0="
        }
      ]
    },
    {
      "mode": "managed",
      "type": "azurerm_storage_account",
      "name": "assgnmnt6",
      "provider": "provider[\"registry.terraform.io/hashicorp/azurerm\"]",
      "instances": [
        {
          "schema_version": 3,
          "attributes": {
            "access_tier": "Hot",
            "account_kind": "StorageV2",
            "account_replication_type": "LRS",
            "account_tier": "Standard",
            "allow_nested_items_to_be_public": true,
            "azure_files_authentication": [],
            "blob_properties": [
              {
                "change_feed_enabled": false,
                "change_feed_retention_in_days": 0,
                "container_delete_retention_policy": [],
                "cors_rule": [],
                "default_service_version": "",
                "delete_retention_policy": [],
                "last_access_time_enabled": false,
                "versioning_enabled": false
              }
            ],
            "cross_tenant_replication_enabled": true,
            "custom_domain": [],
            "customer_managed_key": [],
            "default_to_oauth_authentication": false,
            "edge_zone": "",
            "enable_https_traffic_only": true,
            "id": "/subscriptions/acc929be-a19d-4719-9285-cbbad6c57226/resourceGroups/assgnmnt6/providers/Microsoft.Storage/storageAccounts/eassgnmnt6storageccount",
            "identity": [],
            "immutability_policy": [],
            "infrastructure_encryption_enabled": false,
            "is_hns_enabled": false,
            "large_file_share_enabled": null,
            "location": "westeurope",
            "min_tls_version": "TLS1_2",
            "name": "eassgnmnt6storageccount",
            "network_rules": [
              {
                "bypass": [
                  "AzureServices"
                ],
                "default_action": "Allow",
                "ip_rules": [],
                "private_link_access": [],
                "virtual_network_subnet_ids": []
              }
            ],
            "nfsv3_enabled": false,
            "primary_access_key": "3ON2rTYZhBrCDzIyYAupz9KTCeZwEDscsNLrygADURpBu6mskKjiPBafuHtGDwo9fK8Dc7BUTrTj+ASts3Mnkw==",
            "primary_blob_connection_string": "DefaultEndpointsProtocol=https;BlobEndpoint=https://eassgnmnt6storageccount.blob.core.windows.net/;AccountName=eassgnmnt6storageccount;AccountKey=3ON2rTYZhBrCDzIyYAupz9KTCeZwEDscsNLrygADURpBu6mskKjiPBafuHtGDwo9fK8Dc7BUTrTj+ASts3Mnkw==",
            "primary_blob_endpoint": "https://eassgnmnt6storageccount.blob.core.windows.net/",
            "primary_blob_host": "eassgnmnt6storageccount.blob.core.windows.net",
            "primary_connection_string": "DefaultEndpointsProtocol=https;AccountName=eassgnmnt6storageccount;AccountKey=3ON2rTYZhBrCDzIyYAupz9KTCeZwEDscsNLrygADURpBu6mskKjiPBafuHtGDwo9fK8Dc7BUTrTj+ASts3Mnkw==;EndpointSuffix=core.windows.net",
            "primary_dfs_endpoint": "https://eassgnmnt6storageccount.dfs.core.windows.net/",
            "primary_dfs_host": "eassgnmnt6storageccount.dfs.core.windows.net",
            "primary_file_endpoint": "https://eassgnmnt6storageccount.file.core.windows.net/",
            "primary_file_host": "eassgnmnt6storageccount.file.core.windows.net",
            "primary_location": "westeurope",
            "primary_queue_endpoint": "https://eassgnmnt6storageccount.queue.core.windows.net/",
            "primary_queue_host": "eassgnmnt6storageccount.queue.core.windows.net",
            "primary_table_endpoint": "https://eassgnmnt6storageccount.table.core.windows.net/",
            "primary_table_host": "eassgnmnt6storageccount.table.core.windows.net",
            "primary_web_endpoint": "https://eassgnmnt6storageccount.z6.web.core.windows.net/",
            "primary_web_host": "eassgnmnt6storageccount.z6.web.core.windows.net",
            "public_network_access_enabled": true,
            "queue_encryption_key_type": "Service",
            "queue_properties": [
              {
                "cors_rule": [],
                "hour_metrics": [
                  {
                    "enabled": true,
                    "include_apis": true,
                    "retention_policy_days": 7,
                    "version": "1.0"
                  }
                ],
                "logging": [
                  {
                    "delete": false,
                    "read": false,
                    "retention_policy_days": 0,
                    "version": "1.0",
                    "write": false
                  }
                ],
                "minute_metrics": [
                  {
                    "enabled": false,
                    "include_apis": false,
                    "retention_policy_days": 0,
                    "version": "1.0"
                  }
                ]
              }
            ],
            "resource_group_name": "assgnmnt6",
            "routing": [],
            "sas_policy": [],
            "secondary_access_key": "rlVivx8BYyxi/5lULyOpzfLVwPTWDHhTBfeegiGw5rVOp3+X1Y2Ol3L/gBSboG1n1y2MQeW650+d+AStqtItYg==",
            "secondary_blob_connection_string": "",
            "secondary_blob_endpoint": null,
            "secondary_blob_host": null,
            "secondary_connection_string": "DefaultEndpointsProtocol=https;AccountName=eassgnmnt6storageccount;AccountKey=rlVivx8BYyxi/5lULyOpzfLVwPTWDHhTBfeegiGw5rVOp3+X1Y2Ol3L/gBSboG1n1y2MQeW650+d+AStqtItYg==;EndpointSuffix=core.windows.net",
            "secondary_dfs_endpoint": null,
            "secondary_dfs_host": null,
            "secondary_file_endpoint": null,
            "secondary_file_host": null,
            "secondary_location": "",
            "secondary_queue_endpoint": null,
            "secondary_queue_host": null,
            "secondary_table_endpoint": null,
            "secondary_table_host": null,
            "secondary_web_endpoint": null,
            "secondary_web_host": null,
            "sftp_enabled": false,
            "share_properties": [
              {
                "cors_rule": [],
                "retention_policy": [
                  {
                    "days": 7
                  }
                ],
                "smb": []
              }
            ],
            "shared_access_key_enabled": true,
            "static_website": [],
            "table_encryption_key_type": "Service",
            "tags": {
              "environment": "staging"
            },
            "timeouts": null
          },
          "sensitive_attributes": [],
          "private": "eyJlMmJmYjczMC1lY2FhLTExZTYtOGY4OC0zNDM2M2JjN2M0YzAiOnsiY3JlYXRlIjozNjAwMDAwMDAwMDAwLCJkZWxldGUiOjM2MDAwMDAwMDAwMDAsInJlYWQiOjMwMDAwMDAwMDAwMCwidXBkYXRlIjozNjAwMDAwMDAwMDAwfSwic2NoZW1hX3ZlcnNpb24iOiIzIn0=",
          "dependencies": [
            "azurerm_resource_group.assgnmnt6"
          ]
        }
      ]
    },
    {
      "mode": "managed",
      "type": "azurerm_storage_container",
      "name": "example",
      "provider": "provider[\"registry.terraform.io/hashicorp/azurerm\"]",
      "instances": [
        {
          "schema_version": 1,
          "attributes": {
            "container_access_type": "private",
            "has_immutability_policy": false,
            "has_legal_hold": false,
            "id": "https://eassgnmnt6storageccount.blob.core.windows.net/vhds",
            "metadata": {},
            "name": "vhds",
            "resource_manager_id": "/subscriptions/acc929be-a19d-4719-9285-cbbad6c57226/resourceGroups/assgnmnt6/providers/Microsoft.Storage/storageAccounts/eassgnmnt6storageccount/blobServices/default/containers/vhds",
            "storage_account_name": "eassgnmnt6storageccount",
            "timeouts": null
          },
          "sensitive_attributes": [],
          "private": "eyJlMmJmYjczMC1lY2FhLTExZTYtOGY4OC0zNDM2M2JjN2M0YzAiOnsiY3JlYXRlIjoxODAwMDAwMDAwMDAwLCJkZWxldGUiOjE4MDAwMDAwMDAwMDAsInJlYWQiOjMwMDAwMDAwMDAwMCwidXBkYXRlIjoxODAwMDAwMDAwMDAwfSwic2NoZW1hX3ZlcnNpb24iOiIxIn0=",
          "dependencies": [
            "azurerm_resource_group.assgnmnt6",
            "azurerm_storage_account.assgnmnt6"
          ]
        }
      ]
    },
    {
      "mode": "managed",
      "type": "azurerm_subnet",
      "name": "example",
      "provider": "provider[\"registry.terraform.io/hashicorp/azurerm\"]",
      "instances": [
        {
          "schema_version": 0,
          "attributes": {
            "address_prefixes": [
              "10.0.2.0/24"
            ],
            "delegation": [],
            "enforce_private_link_endpoint_network_policies": false,
            "enforce_private_link_service_network_policies": false,
            "id": "/subscriptions/acc929be-a19d-4719-9285-cbbad6c57226/resourceGroups/assgnmnt6/providers/Microsoft.Network/virtualNetworks/example-network/subnets/internal",
            "name": "internal",
            "private_endpoint_network_policies_enabled": true,
            "private_link_service_network_policies_enabled": true,
            "resource_group_name": "assgnmnt6",
            "service_endpoint_policy_ids": null,
            "service_endpoints": null,
            "timeouts": null,
            "virtual_network_name": "example-network"
          },
          "sensitive_attributes": [],
          "private": "eyJlMmJmYjczMC1lY2FhLTExZTYtOGY4OC0zNDM2M2JjN2M0YzAiOnsiY3JlYXRlIjoxODAwMDAwMDAwMDAwLCJkZWxldGUiOjE4MDAwMDAwMDAwMDAsInJlYWQiOjMwMDAwMDAwMDAwMCwidXBkYXRlIjoxODAwMDAwMDAwMDAwfX0=",
          "dependencies": [
            "azurerm_resource_group.example",
            "azurerm_virtual_network.example"
          ]
        }
      ]
    },
    {
      "mode": "managed",
      "type": "azurerm_virtual_network",
      "name": "example",
      "provider": "provider[\"registry.terraform.io/hashicorp/azurerm\"]",
      "instances": [
        {
          "schema_version": 0,
          "attributes": {
            "address_space": [
              "10.0.0.0/16"
            ],
            "bgp_community": "",
            "ddos_protection_plan": [],
            "dns_servers": [],
            "edge_zone": "",
            "flow_timeout_in_minutes": 0,
            "guid": "7d4340de-a72c-4d53-bcde-7bb13fcb5205",
            "id": "/subscriptions/acc929be-a19d-4719-9285-cbbad6c57226/resourceGroups/assgnmnt6/providers/Microsoft.Network/virtualNetworks/example-network",
            "location": "westeurope",
            "name": "example-network",
            "resource_group_name": "assgnmnt6",
            "subnet": [],
            "tags": null,
            "timeouts": null
          },
          "sensitive_attributes": [],
          "private": "eyJlMmJmYjczMC1lY2FhLTExZTYtOGY4OC0zNDM2M2JjN2M0YzAiOnsiY3JlYXRlIjoxODAwMDAwMDAwMDAwLCJkZWxldGUiOjE4MDAwMDAwMDAwMDAsInJlYWQiOjMwMDAwMDAwMDAwMCwidXBkYXRlIjoxODAwMDAwMDAwMDAwfX0=",
          "dependencies": [
            "azurerm_resource_group.example"
          ]
        }
      ]
    },
    {
      "mode": "managed",
      "type": "azurerm_windows_virtual_machine",
      "name": "example",
      "provider": "provider[\"registry.terraform.io/hashicorp/azurerm\"]",
      "instances": [
        {
          "schema_version": 0,
          "attributes": {
            "additional_capabilities": [],
            "additional_unattend_content": [],
            "admin_password": "P@$$w0rd12345!",
            "admin_username": "halit",
            "allow_extension_operations": true,
            "availability_set_id": "",
            "boot_diagnostics": [],
            "capacity_reservation_group_id": "",
            "computer_name": "example-machine",
            "custom_data": null,
            "dedicated_host_group_id": "",
            "dedicated_host_id": "",
            "edge_zone": "",
            "enable_automatic_updates": true,
            "encryption_at_host_enabled": false,
            "eviction_policy": "",
            "extensions_time_budget": "PT1H30M",
            "gallery_application": [],
            "hotpatching_enabled": false,
            "id": "/subscriptions/acc929be-a19d-4719-9285-cbbad6c57226/resourceGroups/assgnmnt6/providers/Microsoft.Compute/virtualMachines/example-machine",
            "identity": [],
            "license_type": "",
            "location": "westeurope",
            "max_bid_price": -1,
            "name": "example-machine",
            "network_interface_ids": [
              "/subscriptions/acc929be-a19d-4719-9285-cbbad6c57226/resourceGroups/assgnmnt6/providers/Microsoft.Network/networkInterfaces/example-nic"
            ],
            "os_disk": [
              {
                "caching": "ReadWrite",
                "diff_disk_settings": [],
                "disk_encryption_set_id": "",
                "disk_size_gb": 127,
                "name": "example-machine_OsDisk_1_9c44b5c8974846daa4056938be2e6ece",
                "secure_vm_disk_encryption_set_id": "",
                "security_encryption_type": "",
                "storage_account_type": "Standard_LRS",
                "write_accelerator_enabled": false
              }
            ],
            "patch_assessment_mode": "ImageDefault",
            "patch_mode": "AutomaticByOS",
            "plan": [],
            "platform_fault_domain": -1,
            "priority": "Regular",
            "private_ip_address": "10.0.2.4",
            "private_ip_addresses": [
              "10.0.2.4"
            ],
            "provision_vm_agent": true,
            "proximity_placement_group_id": "",
            "public_ip_address": "",
            "public_ip_addresses": [],
            "resource_group_name": "assgnmnt6",
            "secret": [],
            "secure_boot_enabled": false,
            "size": "Standard_F2",
            "source_image_id": "",
            "source_image_reference": [
              {
                "offer": "WindowsServer",
                "publisher": "MicrosoftWindowsServer",
                "sku": "2016-Datacenter",
                "version": "latest"
              }
            ],
            "tags": null,
            "termination_notification": null,
            "timeouts": null,
            "timezone": "",
            "user_data": "",
            "virtual_machine_id": "42a9afc2-f1a9-4cf2-af53-fa626b310e08",
            "virtual_machine_scale_set_id": "",
            "vtpm_enabled": false,
            "winrm_listener": [],
            "zone": ""
          },
          "sensitive_attributes": [],
          "private": "eyJlMmJmYjczMC1lY2FhLTExZTYtOGY4OC0zNDM2M2JjN2M0YzAiOnsiY3JlYXRlIjoyNzAwMDAwMDAwMDAwLCJkZWxldGUiOjI3MDAwMDAwMDAwMDAsInJlYWQiOjMwMDAwMDAwMDAwMCwidXBkYXRlIjoyNzAwMDAwMDAwMDAwfX0=",
          "dependencies": [
            "azurerm_network_interface.example",
            "azurerm_resource_group.example",
            "azurerm_subnet.example",
            "azurerm_virtual_network.example"
          ]
        }
      ]
    }
  ],
  "check_results": null
}
